
Microsoft Visual Studio Solution File, Format Version 12.00
# Visual Studio 15
VisualStudioVersion = 15.0.28010.2046
MinimumVisualStudioVersion = 10.0.40219.1
Project("{FAE04EC0-301F-11D3-BF4B-00C04F79EFBC}") = "GuessGame.Android", "GuessGame\GuessGame.Android\GuessGame.Android.csproj", "{5FC83396-EBDF-411E-9E0F-556685D7D2D0}"
EndProject
Project("{FAE04EC0-301F-11D3-BF4B-00C04F79EFBC}") = "GuessGame.iOS", "GuessGame\GuessGame.iOS\GuessGame.iOS.csproj", "{AF1421D7-69F8-4302-A581-D636EC2AA57D}"
EndProject
Project("{FAE04EC0-301F-11D3-BF4B-00C04F79EFBC}") = "GuessGame.UWP", "GuessGame\GuessGame.UWP\GuessGame.UWP.csproj", "{038B4836-CFCB-47AA-8C32-7D9601B1000A}"
EndProject
Project("{FAE04EC0-301F-11D3-BF4B-00C04F79EFBC}") = "GuessGame", "GuessGame\GuessGame\GuessGame.csproj", "{620216B1-CF0B-4CEE-B686-94DF8A906E05}"
EndProject
Global
	GlobalSection(SolutionConfigurationPlatforms) = preSolution
		Ad-Hoc|Any CPU = Ad-Hoc|Any CPU
		Ad-Hoc|ARM = Ad-Hoc|ARM
		Ad-Hoc|iPhone = Ad-Hoc|iPhone
		Ad-Hoc|iPhoneSimulator = Ad-Hoc|iPhoneSimulator
		Ad-Hoc|x64 = Ad-Hoc|x64
		Ad-Hoc|x86 = Ad-Hoc|x86
		AppStore|Any CPU = AppStore|Any CPU
		AppStore|ARM = AppStore|ARM
		AppStore|iPhone = AppStore|iPhone
		AppStore|iPhoneSimulator = AppStore|iPhoneSimulator
		AppStore|x64 = AppStore|x64
		AppStore|x86 = AppStore|x86
		Debug|Any CPU = Debug|Any CPU
		Debug|ARM = Debug|ARM
		Debug|iPhone = Debug|iPhone
		Debug|iPhoneSimulator = Debug|iPhoneSimulator
		Debug|x64 = Debug|x64
		Debug|x86 = Debug|x86
		Release|Any CPU = Release|Any CPU
		Release|ARM = Release|ARM
		Release|iPhone = Release|iPhone
		Release|iPhoneSimulator = Release|iPhoneSimulator
		Release|x64 = Release|x64
		Release|x86 = Release|x86
	EndGlobalSection
	GlobalSection(ProjectConfigurationPlatforms) = postSolution
		{5FC83396-EBDF-411E-9E0F-556685D7D2D0}.Ad-Hoc|Any CPU.ActiveCfg = Release|Any CPU
		{5FC83396-EBDF-411E-9E0F-556685D7D2D0}.Ad-Hoc|Any CPU.Build.0 = Release|Any CPU
		{5FC83396-EBDF-411E-9E0F-556685D7D2D0}.Ad-Hoc|Any CPU.Deploy.0 = Release|Any CPU
		{5FC83396-EBDF-411E-9E0F-556685D7D2D0}.Ad-Hoc|ARM.ActiveCfg = Release|Any CPU
		{5FC83396-EBDF-411E-9E0F-556685D7D2D0}.Ad-Hoc|ARM.Build.0 = Release|Any CPU
		{5FC83396-EBDF-411E-9E0F-556685D7D2D0}.Ad-Hoc|ARM.Deploy.0 = Release|Any CPU
		{5FC83396-EBDF-411E-9E0F-556685D7D2D0}.Ad-Hoc|iPhone.ActiveCfg = Release|Any CPU
		{5FC83396-EBDF-411E-9E0F-556685D7D2D0}.Ad-Hoc|iPhone.Build.0 = Release|Any CPU
		{5FC83396-EBDF-411E-9E0F-556685D7D2D0}.Ad-Hoc|iPhone.Deploy.0 = Release|Any CPU
		{5FC83396-EBDF-411E-9E0F-556685D7D2D0}.Ad-Hoc|iPhoneSimulator.ActiveCfg = Release|Any CPU
		{5FC83396-EBDF-411E-9E0F-556685D7D2D0}.Ad-Hoc|iPhoneSimulator.Build.0 = Release|Any CPU
		{5FC83396-EBDF-411E-9E0F-556685D7D2D0}.Ad-Hoc|iPhoneSimulator.Deploy.0 = Release|Any CPU
		{5FC83396-EBDF-411E-9E0F-556685D7D2D0}.Ad-Hoc|x64.ActiveCfg = Release|Any CPU
		{5FC83396-EBDF-411E-9E0F-556685D7D2D0}.Ad-Hoc|x64.Build.0 = Release|Any CPU
		{5FC83396-EBDF-411E-9E0F-556685D7D2D0}.Ad-Hoc|x64.Deploy.0 = Release|Any CPU
		{5FC83396-EBDF-411E-9E0F-556685D7D2D0}.Ad-Hoc|x86.ActiveCfg = Release|Any CPU
		{5FC83396-EBDF-411E-9E0F-556685D7D2D0}.Ad-Hoc|x86.Build.0 = Release|Any CPU
		{5FC83396-EBDF-411E-9E0F-556685D7D2D0}.Ad-Hoc|x86.Deploy.0 = Release|Any CPU
		{5FC83396-EBDF-411E-9E0F-556685D7D2D0}.AppStore|Any CPU.ActiveCfg = Release|Any CPU
		{5FC83396-EBDF-411E-9E0F-556685D7D2D0}.AppStore|Any CPU.Build.0 = Release|Any CPU
		{5FC83396-EBDF-411E-9E0F-556685D7D2D0}.AppStore|Any CPU.Deploy.0 = Release|Any CPU
		{5FC83396-EBDF-411E-9E0F-556685D7D2D0}.AppStore|ARM.ActiveCfg = Release|Any CPU
		{5FC83396-EBDF-411E-9E0F-556685D7D2D0}.AppStore|ARM.Build.0 = Release|Any CPU
		{5FC83396-EBDF-411E-9E0F-556685D7D2D0}.AppStore|ARM.Deploy.0 = Release|Any CPU
		{5FC83396-EBDF-411E-9E0F-556685D7D2D0}.AppStore|iPhone.ActiveCfg = Release|Any CPU
		{5FC83396-EBDF-411E-9E0F-556685D7D2D0}.AppStore|iPhone.Build.0 = Release|Any CPU
		{5FC83396-EBDF-411E-9E0F-556685D7D2D0}.AppStore|iPhone.Deploy.0 = Release|Any CPU
		{5FC83396-EBDF-411E-9E0F-556685D7D2D0}.AppStore|iPhoneSimulator.ActiveCfg = Release|Any CPU
		{5FC83396-EBDF-411E-9E0F-556685D7D2D0}.AppStore|iPhoneSimulator.Build.0 = Release|Any CPU
		{5FC83396-EBDF-411E-9E0F-556685D7D2D0}.AppStore|iPhoneSimulator.Deploy.0 = Release|Any CPU
		{5FC83396-EBDF-411E-9E0F-556685D7D2D0}.AppStore|x64.ActiveCfg = Release|Any CPU
		{5FC83396-EBDF-411E-9E0F-556685D7D2D0}.AppStore|x64.Build.0 = Release|Any CPU
		{5FC83396-EBDF-411E-9E0F-556685D7D2D0}.AppStore|x64.Deploy.0 = Release|Any CPU
		{5FC83396-EBDF-411E-9E0F-556685D7D2D0}.AppStore|x86.ActiveCfg = Release|Any CPU
		{5FC83396-EBDF-411E-9E0F-556685D7D2D0}.AppStore|x86.Build.0 = Release|Any CPU
		{5FC83396-EBDF-411E-9E0F-556685D7D2D0}.AppStore|x86.Deploy.0 = Release|Any CPU
		{5FC83396-EBDF-411E-9E0F-556685D7D2D0}.Debug|Any CPU.ActiveCfg = Debug|Any CPU
		{5FC83396-EBDF-411E-9E0F-556685D7D2D0}.Debug|Any CPU.Build.0 = Debug|Any CPU
		{5FC83396-EBDF-411E-9E0F-556685D7D2D0}.Debug|Any CPU.Deploy.0 = Debug|Any CPU
		{5FC83396-EBDF-411E-9E0F-556685D7D2D0}.Debug|ARM.ActiveCfg = Debug|Any CPU
		{5FC83396-EBDF-411E-9E0F-556685D7D2D0}.Debug|ARM.Build.0 = Debug|Any CPU
		{5FC83396-EBDF-411E-9E0F-556685D7D2D0}.Debug|ARM.Deploy.0 = Debug|Any CPU
		{5FC83396-EBDF-411E-9E0F-556685D7D2D0}.Debug|iPhone.ActiveCfg = Debug|Any CPU
		{5FC83396-EBDF-411E-9E0F-556685D7D2D0}.Debug|iPhone.Build.0 = Debug|Any CPU
		{5FC83396-EBDF-411E-9E0F-556685D7D2D0}.Debug|iPhone.Deploy.0 = Debug|Any CPU
		{5FC83396-EBDF-411E-9E0F-556685D7D2D0}.Debug|iPhoneSimulator.ActiveCfg = Debug|Any CPU
		{5FC83396-EBDF-411E-9E0F-556685D7D2D0}.Debug|iPhoneSimulator.Build.0 = Debug|Any CPU
		{5FC83396-EBDF-411E-9E0F-556685D7D2D0}.Debug|iPhoneSimulator.Deploy.0 = Debug|Any CPU
		{5FC83396-EBDF-411E-9E0F-556685D7D2D0}.Debug|x64.ActiveCfg = Debug|Any CPU
		{5FC83396-EBDF-411E-9E0F-556685D7D2D0}.Debug|x64.Build.0 = Debug|Any CPU
		{5FC83396-EBDF-411E-9E0F-556685D7D2D0}.Debug|x64.Deploy.0 = Debug|Any CPU
		{5FC83396-EBDF-411E-9E0F-556685D7D2D0}.Debug|x86.ActiveCfg = Debug|Any CPU
		{5FC83396-EBDF-411E-9E0F-556685D7D2D0}.Debug|x86.Build.0 = Debug|Any CPU
		{5FC83396-EBDF-411E-9E0F-556685D7D2D0}.Debug|x86.Deploy.0 = Debug|Any CPU
		{5FC83396-EBDF-411E-9E0F-556685D7D2D0}.Release|Any CPU.ActiveCfg = Release|Any CPU
		{5FC83396-EBDF-411E-9E0F-556685D7D2D0}.Release|Any CPU.Build.0 = Release|Any CPU
		{5FC83396-EBDF-411E-9E0F-556685D7D2D0}.Release|Any CPU.Deploy.0 = Release|Any CPU
		{5FC83396-EBDF-411E-9E0F-556685D7D2D0}.Release|ARM.ActiveCfg = Release|Any CPU
		{5FC83396-EBDF-411E-9E0F-556685D7D2D0}.Release|ARM.Build.0 = Release|Any CPU
		{5FC83396-EBDF-411E-9E0F-556685D7D2D0}.Release|ARM.Deploy.0 = Release|Any CPU
		{5FC83396-EBDF-411E-9E0F-556685D7D2D0}.Release|iPhone.ActiveCfg = Release|Any CPU
		{5FC83396-EBDF-411E-9E0F-556685D7D2D0}.Release|iPhone.Build.0 = Release|Any CPU
		{5FC83396-EBDF-411E-9E0F-556685D7D2D0}.Release|iPhone.Deploy.0 = Release|Any CPU
		{5FC83396-EBDF-411E-9E0F-556685D7D2D0}.Release|iPhoneSimulator.ActiveCfg = Release|Any CPU
		{5FC83396-EBDF-411E-9E0F-556685D7D2D0}.Release|iPhoneSimulator.Build.0 = Release|Any CPU
		{5FC83396-EBDF-411E-9E0F-556685D7D2D0}.Release|iPhoneSimulator.Deploy.0 = Release|Any CPU
		{5FC83396-EBDF-411E-9E0F-556685D7D2D0}.Release|x64.ActiveCfg = Release|Any CPU
		{5FC83396-EBDF-411E-9E0F-556685D7D2D0}.Release|x64.Build.0 = Release|Any CPU
		{5FC83396-EBDF-411E-9E0F-556685D7D2D0}.Release|x64.Deploy.0 = Release|Any CPU
		{5FC83396-EBDF-411E-9E0F-556685D7D2D0}.Release|x86.ActiveCfg = Release|Any CPU
		{5FC83396-EBDF-411E-9E0F-556685D7D2D0}.Release|x86.Build.0 = Release|Any CPU
		{5FC83396-EBDF-411E-9E0F-556685D7D2D0}.Release|x86.Deploy.0 = Release|Any CPU
		{AF1421D7-69F8-4302-A581-D636EC2AA57D}.Ad-Hoc|Any CPU.ActiveCfg = Ad-Hoc|iPhone
		{AF1421D7-69F8-4302-A581-D636EC2AA57D}.Ad-Hoc|Any CPU.Build.0 = Ad-Hoc|iPhone
		{AF1421D7-69F8-4302-A581-D636EC2AA57D}.Ad-Hoc|Any CPU.Deploy.0 = Ad-Hoc|iPhone
		{AF1421D7-69F8-4302-A581-D636EC2AA57D}.Ad-Hoc|ARM.ActiveCfg = Ad-Hoc|iPhone
		{AF1421D7-69F8-4302-A581-D636EC2AA57D}.Ad-Hoc|ARM.Build.0 = Ad-Hoc|iPhone
		{AF1421D7-69F8-4302-A581-D636EC2AA57D}.Ad-Hoc|ARM.Deploy.0 = Ad-Hoc|iPhone
		{AF1421D7-69F8-4302-A581-D636EC2AA57D}.Ad-Hoc|iPhone.ActiveCfg = Ad-Hoc|iPhone
		{AF1421D7-69F8-4302-A581-D636EC2AA57D}.Ad-Hoc|iPhone.Build.0 = Ad-Hoc|iPhone
		{AF1421D7-69F8-4302-A581-D636EC2AA57D}.Ad-Hoc|iPhone.Deploy.0 = Ad-Hoc|iPhone
		{AF1421D7-69F8-4302-A581-D636EC2AA57D}.Ad-Hoc|iPhoneSimulator.ActiveCfg = Ad-Hoc|iPhoneSimulator
		{AF1421D7-69F8-4302-A581-D636EC2AA57D}.Ad-Hoc|iPhoneSimulator.Build.0 = Ad-Hoc|iPhoneSimulator
		{AF1421D7-69F8-4302-A581-D636EC2AA57D}.Ad-Hoc|iPhoneSimulator.Deploy.0 = Ad-Hoc|iPhoneSimulator
		{AF1421D7-69F8-4302-A581-D636EC2AA57D}.Ad-Hoc|x64.ActiveCfg = Ad-Hoc|iPhone
		{AF1421D7-69F8-4302-A581-D636EC2AA57D}.Ad-Hoc|x64.Build.0 = Ad-Hoc|iPhone
		{AF1421D7-69F8-4302-A581-D636EC2AA57D}.Ad-Hoc|x64.Deploy.0 = Ad-Hoc|iPhone
		{AF1421D7-69F8-4302-A581-D636EC2AA57D}.Ad-Hoc|x86.ActiveCfg = Ad-Hoc|iPhone
		{AF1421D7-69F8-4302-A581-D636EC2AA57D}.Ad-Hoc|x86.Build.0 = Ad-Hoc|iPhone
		{AF1421D7-69F8-4302-A581-D636EC2AA57D}.Ad-Hoc|x86.Deploy.0 = Ad-Hoc|iPhone
		{AF1421D7-69F8-4302-A581-D636EC2AA57D}.AppStore|Any CPU.ActiveCfg = AppStore|iPhone
		{AF1421D7-69F8-4302-A581-D636EC2AA57D}.AppStore|Any CPU.Build.0 = AppStore|iPhone
		{AF1421D7-69F8-4302-A581-D636EC2AA57D}.AppStore|Any CPU.Deploy.0 = AppStore|iPhone
		{AF1421D7-69F8-4302-A581-D636EC2AA57D}.AppStore|ARM.ActiveCfg = AppStore|iPhone
		{AF1421D7-69F8-4302-A581-D636EC2AA57D}.AppStore|ARM.Build.0 = AppStore|iPhone
		{AF1421D7-69F8-4302-A581-D636EC2AA57D}.AppStore|ARM.Deploy.0 = AppStore|iPhone
		{AF1421D7-69F8-4302-A581-D636EC2AA57D}.AppStore|iPhone.ActiveCfg = AppStore|iPhone
		{AF1421D7-69F8-4302-A581-D636EC2AA57D}.AppStore|iPhone.Build.0 = AppStore|iPhone
		{AF1421D7-69F8-4302-A581-D636EC2AA57D}.AppStore|iPhone.Deploy.0 = AppStore|iPhone
		{AF1421D7-69F8-4302-A581-D636EC2AA57D}.AppStore|iPhoneSimulator.ActiveCfg = AppStore|iPhoneSimulator
		{AF1421D7-69F8-4302-A581-D636EC2AA57D}.AppStore|iPhoneSimulator.Build.0 = AppStore|iPhoneSimulator
		{AF1421D7-69F8-4302-A581-D636EC2AA57D}.AppStore|iPhoneSimulator.Deploy.0 = AppStore|iPhoneSimulator
		{AF1421D7-69F8-4302-A581-D636EC2AA57D}.AppStore|x64.ActiveCfg = AppStore|iPhone
		{AF1421D7-69F8-4302-A581-D636EC2AA57D}.AppStore|x64.Build.0 = AppStore|iPhone
		{AF1421D7-69F8-4302-A581-D636EC2AA57D}.AppStore|x64.Deploy.0 = AppStore|iPhone
		{AF1421D7-69F8-4302-A581-D636EC2AA57D}.AppStore|x86.ActiveCfg = AppStore|iPhone
		{AF1421D7-69F8-4302-A581-D636EC2AA57D}.AppStore|x86.Build.0 = AppStore|iPhone
		{AF1421D7-69F8-4302-A581-D636EC2AA57D}.AppStore|x86.Deploy.0 = AppStore|iPhone
		{AF1421D7-69F8-4302-A581-D636EC2AA57D}.Debug|Any CPU.ActiveCfg = Debug|iPhoneSimulator
		{AF1421D7-69F8-4302-A581-D636EC2AA57D}.Debug|Any CPU.Build.0 = Debug|iPhoneSimulator
		{AF1421D7-69F8-4302-A581-D636EC2AA57D}.Debug|Any CPU.Deploy.0 = Debug|iPhoneSimulator
		{AF1421D7-69F8-4302-A581-D636EC2AA57D}.Debug|ARM.ActiveCfg = Debug|iPhone
		{AF1421D7-69F8-4302-A581-D636EC2AA57D}.Debug|ARM.Build.0 = Debug|iPhone
		{AF1421D7-69F8-4302-A581-D636EC2AA57D}.Debug|ARM.Deploy.0 = Debug|iPhone
		{AF1421D7-69F8-4302-A581-D636EC2AA57D}.Debug|iPhone.ActiveCfg = Debug|iPhone
		{AF1421D7-69F8-4302-A581-D636EC2AA57D}.Debug|iPhone.Build.0 = Debug|iPhone
		{AF1421D7-69F8-4302-A581-D636EC2AA57D}.Debug|iPhone.Deploy.0 = Debug|iPhone
		{AF1421D7-69F8-4302-A581-D636EC2AA57D}.Debug|iPhoneSimulator.ActiveCfg = Debug|iPhoneSimulator
		{AF1421D7-69F8-4302-A581-D636EC2AA57D}.Debug|iPhoneSimulator.Build.0 = Debug|iPhoneSimulator
		{AF1421D7-69F8-4302-A581-D636EC2AA57D}.Debug|iPhoneSimulator.Deploy.0 = Debug|iPhoneSimulator
		{AF1421D7-69F8-4302-A581-D636EC2AA57D}.Debug|x64.ActiveCfg = Debug|iPhone
		{AF1421D7-69F8-4302-A581-D636EC2AA57D}.Debug|x64.Build.0 = Debug|iPhone
		{AF1421D7-69F8-4302-A581-D636EC2AA57D}.Debug|x64.Deploy.0 = Debug|iPhone
		{AF1421D7-69F8-4302-A581-D636EC2AA57D}.Debug|x86.ActiveCfg = Debug|iPhone
		{AF1421D7-69F8-4302-A581-D636EC2AA57D}.Debug|x86.Build.0 = Debug|iPhone
		{AF1421D7-69F8-4302-A581-D636EC2AA57D}.Debug|x86.Deploy.0 = Debug|iPhone
		{AF1421D7-69F8-4302-A581-D636EC2AA57D}.Release|Any CPU.ActiveCfg = Release|iPhone
		{AF1421D7-69F8-4302-A581-D636EC2AA57D}.Release|Any CPU.Build.0 = Release|iPhone
		{AF1421D7-69F8-4302-A581-D636EC2AA57D}.Release|Any CPU.Deploy.0 = Release|iPhone
		{AF1421D7-69F8-4302-A581-D636EC2AA57D}.Release|ARM.ActiveCfg = Release|iPhone
		{AF1421D7-69F8-4302-A581-D636EC2AA57D}.Release|ARM.Build.0 = Release|iPhone
		{AF1421D7-69F8-4302-A581-D636EC2AA57D}.Release|ARM.Deploy.0 = Release|iPhone
		{AF1421D7-69F8-4302-A581-D636EC2AA57D}.Release|iPhone.ActiveCfg = Release|iPhone
		{AF1421D7-69F8-4302-A581-D636EC2AA57D}.Release|iPhone.Build.0 = Release|iPhone
		{AF1421D7-69F8-4302-A581-D636EC2AA57D}.Release|iPhone.Deploy.0 = Release|iPhone
		{AF1421D7-69F8-4302-A581-D636EC2AA57D}.Release|iPhoneSimulator.ActiveCfg = Release|iPhoneSimulator
		{AF1421D7-69F8-4302-A581-D636EC2AA57D}.Release|iPhoneSimulator.Build.0 = Release|iPhoneSimulator
		{AF1421D7-69F8-4302-A581-D636EC2AA57D}.Release|iPhoneSimulator.Deploy.0 = Release|iPhoneSimulator
		{AF1421D7-69F8-4302-A581-D636EC2AA57D}.Release|x64.ActiveCfg = Release|iPhone
		{AF1421D7-69F8-4302-A581-D636EC2AA57D}.Release|x64.Build.0 = Release|iPhone
		{AF1421D7-69F8-4302-A581-D636EC2AA57D}.Release|x64.Deploy.0 = Release|iPhone
		{AF1421D7-69F8-4302-A581-D636EC2AA57D}.Release|x86.ActiveCfg = Release|iPhone
		{AF1421D7-69F8-4302-A581-D636EC2AA57D}.Release|x86.Build.0 = Release|iPhone
		{AF1421D7-69F8-4302-A581-D636EC2AA57D}.Release|x86.Deploy.0 = Release|iPhone
		{038B4836-CFCB-47AA-8C32-7D9601B1000A}.Ad-Hoc|Any CPU.ActiveCfg = Release|x86
		{038B4836-CFCB-47AA-8C32-7D9601B1000A}.Ad-Hoc|Any CPU.Build.0 = Release|x86
		{038B4836-CFCB-47AA-8C32-7D9601B1000A}.Ad-Hoc|Any CPU.Deploy.0 = Release|x86
		{038B4836-CFCB-47AA-8C32-7D9601B1000A}.Ad-Hoc|ARM.ActiveCfg = Release|ARM
		{038B4836-CFCB-47AA-8C32-7D9601B1000A}.Ad-Hoc|ARM.Build.0 = Release|ARM
		{038B4836-CFCB-47AA-8C32-7D9601B1000A}.Ad-Hoc|ARM.Deploy.0 = Release|ARM
		{038B4836-CFCB-47AA-8C32-7D9601B1000A}.Ad-Hoc|iPhone.ActiveCfg = Release|x86
		{038B4836-CFCB-47AA-8C32-7D9601B1000A}.Ad-Hoc|iPhone.Build.0 = Release|x86
		{038B4836-CFCB-47AA-8C32-7D9601B1000A}.Ad-Hoc|iPhone.Deploy.0 = Release|x86
		{038B4836-CFCB-47AA-8C32-7D9601B1000A}.Ad-Hoc|iPhoneSimulator.ActiveCfg = Release|x86
		{038B4836-CFCB-47AA-8C32-7D9601B1000A}.Ad-Hoc|iPhoneSimulator.Build.0 = Release|x86
		{038B4836-CFCB-47AA-8C32-7D9601B1000A}.Ad-Hoc|iPhoneSimulator.Deploy.0 = Release|x86
		{038B4836-CFCB-47AA-8C32-7D9601B1000A}.Ad-Hoc|x64.ActiveCfg = Release|x64
		{038B4836-CFCB-47AA-8C32-7D9601B1000A}.Ad-Hoc|x64.Build.0 = Release|x64
		{038B4836-CFCB-47AA-8C32-7D9601B1000A}.Ad-Hoc|x64.Deploy.0 = Release|x64
		{038B4836-CFCB-47AA-8C32-7D9601B1000A}.Ad-Hoc|x86.ActiveCfg = Release|x86
		{038B4836-CFCB-47AA-8C32-7D9601B1000A}.Ad-Hoc|x86.Build.0 = Release|x86
		{038B4836-CFCB-47AA-8C32-7D9601B1000A}.Ad-Hoc|x86.Deploy.0 = Release|x86
		{038B4836-CFCB-47AA-8C32-7D9601B1000A}.AppStore|Any CPU.ActiveCfg = Release|x86
		{038B4836-CFCB-47AA-8C32-7D9601B1000A}.AppStore|Any CPU.Build.0 = Release|x86
		{038B4836-CFCB-47AA-8C32-7D9601B1000A}.AppStore|Any CPU.Deploy.0 = Release|x86
		{038B4836-CFCB-47AA-8C32-7D9601B1000A}.AppStore|ARM.ActiveCfg = Release|ARM
		{038B4836-CFCB-47AA-8C32-7D9601B1000A}.AppStore|ARM.Build.0 = Release|ARM
		{038B4836-CFCB-47AA-8C32-7D9601B1000A}.AppStore|ARM.Deploy.0 = Release|ARM
		{038B4836-CFCB-47AA-8C32-7D9601B1000A}.AppStore|iPhone.ActiveCfg = Release|x86
		{038B4836-CFCB-47AA-8C32-7D9601B1000A}.AppStore|iPhone.Build.0 = Release|x86
		{038B4836-CFCB-47AA-8C32-7D9601B1000A}.AppStore|iPhone.Deploy.0 = Release|x86
		{038B4836-CFCB-47AA-8C32-7D9601B1000A}.AppStore|iPhoneSimulator.ActiveCfg = Release|x86
		{038B4836-CFCB-47AA-8C32-7D9601B1000A}.AppStore|iPhoneSimulator.Build.0 = Release|x86
		{038B4836-CFCB-47AA-8C32-7D9601B1000A}.AppStore|iPhoneSimulator.Deploy.0 = Release|x86
		{038B4836-CFCB-47AA-8C32-7D9601B1000A}.AppStore|x64.ActiveCfg = Release|x64
		{038B4836-CFCB-47AA-8C32-7D9601B1000A}.AppStore|x64.Build.0 = Release|x64
		{038B4836-CFCB-47AA-8C32-7D9601B1000A}.AppStore|x64.Deploy.0 = Release|x64
		{038B4836-CFCB-47AA-8C32-7D9601B1000A}.AppStore|x86.ActiveCfg = Release|x86
		{038B4836-CFCB-47AA-8C32-7D9601B1000A}.AppStore|x86.Build.0 = Release|x86
		{038B4836-CFCB-47AA-8C32-7D9601B1000A}.AppStore|x86.Deploy.0 = Release|x86
		{038B4836-CFCB-47AA-8C32-7D9601B1000A}.Debug|Any CPU.ActiveCfg = Debug|x86
		{038B4836-CFCB-47AA-8C32-7D9601B1000A}.Debug|Any CPU.Build.0 = Debug|x86
		{038B4836-CFCB-47AA-8C32-7D9601B1000A}.Debug|Any CPU.Deploy.0 = Debug|x86
		{038B4836-CFCB-47AA-8C32-7D9601B1000A}.Debug|ARM.ActiveCfg = Debug|ARM
		{038B4836-CFCB-47AA-8C32-7D9601B1000A}.Debug|ARM.Build.0 = Debug|ARM
		{038B4836-CFCB-47AA-8C32-7D9601B1000A}.Debug|ARM.Deploy.0 = Debug|ARM
		{038B4836-CFCB-47AA-8C32-7D9601B1000A}.Debug|iPhone.ActiveCfg = Debug|x86
		{038B4836-CFCB-47AA-8C32-7D9601B1000A}.Debug|iPhone.Build.0 = Debug|x86
		{038B4836-CFCB-47AA-8C32-7D9601B1000A}.Debug|iPhone.Deploy.0 = Debug|x86
		{038B4836-CFCB-47AA-8C32-7D9601B1000A}.Debug|iPhoneSimulator.ActiveCfg = Debug|x86
		{038B4836-CFCB-47AA-8C32-7D9601B1000A}.Debug|iPhoneSimulator.Build.0 = Debug|x86
		{038B4836-CFCB-47AA-8C32-7D9601B1000A}.Debug|iPhoneSimulator.Deploy.0 = Debug|x86
		{038B4836-CFCB-47AA-8C32-7D9601B1000A}.Debug|x64.ActiveCfg = Debug|x64
		{038B4836-CFCB-47AA-8C32-7D9601B1000A}.Debug|x64.Build.0 = Debug|x64
		{038B4836-CFCB-47AA-8C32-7D9601B1000A}.Debug|x64.Deploy.0 = Debug|x64
		{038B4836-CFCB-47AA-8C32-7D9601B1000A}.Debug|x86.ActiveCfg = Debug|x86
		{038B4836-CFCB-47AA-8C32-7D9601B1000A}.Debug|x86.Build.0 = Debug|x86
		{038B4836-CFCB-47AA-8C32-7D9601B1000A}.Debug|x86.Deploy.0 = Debug|x86
		{038B4836-CFCB-47AA-8C32-7D9601B1000A}.Release|Any CPU.ActiveCfg = Release|x86
		{038B4836-CFCB-47AA-8C32-7D9601B1000A}.Release|Any CPU.Build.0 = Release|x86
		{038B4836-CFCB-47AA-8C32-7D9601B1000A}.Release|Any CPU.Deploy.0 = Release|x86
		{038B4836-CFCB-47AA-8C32-7D9601B1000A}.Release|ARM.ActiveCfg = Release|ARM
		{038B4836-CFCB-47AA-8C32-7D9601B1000A}.Release|ARM.Build.0 = Release|ARM
		{038B4836-CFCB-47AA-8C32-7D9601B1000A}.Release|ARM.Deploy.0 = Release|ARM
		{038B4836-CFCB-47AA-8C32-7D9601B1000A}.Release|iPhone.ActiveCfg = Release|x86
		{038B4836-CFCB-47AA-8C32-7D9601B1000A}.Release|iPhone.Build.0 = Release|x86
		{038B4836-CFCB-47AA-8C32-7D9601B1000A}.Release|iPhone.Deploy.0 = Release|x86
		{038B4836-CFCB-47AA-8C32-7D9601B1000A}.Release|iPhoneSimulator.ActiveCfg = Release|x86
		{038B4836-CFCB-47AA-8C32-7D9601B1000A}.Release|iPhoneSimulator.Build.0 = Release|x86
		{038B4836-CFCB-47AA-8C32-7D9601B1000A}.Release|iPhoneSimulator.Deploy.0 = Release|x86
		{038B4836-CFCB-47AA-8C32-7D9601B1000A}.Release|x64.ActiveCfg = Release|x64
		{038B4836-CFCB-47AA-8C32-7D9601B1000A}.Release|x64.Build.0 = Release|x64
		{038B4836-CFCB-47AA-8C32-7D9601B1000A}.Release|x64.Deploy.0 = Release|x64
		{038B4836-CFCB-47AA-8C32-7D9601B1000A}.Release|x86.ActiveCfg = Release|x86
		{038B4836-CFCB-47AA-8C32-7D9601B1000A}.Release|x86.Build.0 = Release|x86
		{038B4836-CFCB-47AA-8C32-7D9601B1000A}.Release|x86.Deploy.0 = Release|x86
		{620216B1-CF0B-4CEE-B686-94DF8A906E05}.Ad-Hoc|Any CPU.ActiveCfg = Debug|Any CPU
		{620216B1-CF0B-4CEE-B686-94DF8A906E05}.Ad-Hoc|Any CPU.Build.0 = Debug|Any CPU
		{620216B1-CF0B-4CEE-B686-94DF8A906E05}.Ad-Hoc|Any CPU.Deploy.0 = Debug|Any CPU
		{620216B1-CF0B-4CEE-B686-94DF8A906E05}.Ad-Hoc|ARM.ActiveCfg = Debug|Any CPU
		{620216B1-CF0B-4CEE-B686-94DF8A906E05}.Ad-Hoc|ARM.Build.0 = Debug|Any CPU
		{620216B1-CF0B-4CEE-B686-94DF8A906E05}.Ad-Hoc|ARM.Deploy.0 = Debug|Any CPU
		{620216B1-CF0B-4CEE-B686-94DF8A906E05}.Ad-Hoc|iPhone.ActiveCfg = Debug|Any CPU
		{620216B1-CF0B-4CEE-B686-94DF8A906E05}.Ad-Hoc|iPhone.Build.0 = Debug|Any CPU
		{620216B1-CF0B-4CEE-B686-94DF8A906E05}.Ad-Hoc|iPhone.Deploy.0 = Debug|Any CPU
		{620216B1-CF0B-4CEE-B686-94DF8A906E05}.Ad-Hoc|iPhoneSimulator.ActiveCfg = Debug|Any CPU
		{620216B1-CF0B-4CEE-B686-94DF8A906E05}.Ad-Hoc|iPhoneSimulator.Build.0 = Debug|Any CPU
		{620216B1-CF0B-4CEE-B686-94DF8A906E05}.Ad-Hoc|iPhoneSimulator.Deploy.0 = Debug|Any CPU
		{620216B1-CF0B-4CEE-B686-94DF8A906E05}.Ad-Hoc|x64.ActiveCfg = Debug|Any CPU
		{620216B1-CF0B-4CEE-B686-94DF8A906E05}.Ad-Hoc|x64.Build.0 = Debug|Any CPU
		{620216B1-CF0B-4CEE-B686-94DF8A906E05}.Ad-Hoc|x64.Deploy.0 = Debug|Any CPU
		{620216B1-CF0B-4CEE-B686-94DF8A906E05}.Ad-Hoc|x86.ActiveCfg = Debug|Any CPU
		{620216B1-CF0B-4CEE-B686-94DF8A906E05}.Ad-Hoc|x86.Build.0 = Debug|Any CPU
		{620216B1-CF0B-4CEE-B686-94DF8A906E05}.Ad-Hoc|x86.Deploy.0 = Debug|Any CPU
		{620216B1-CF0B-4CEE-B686-94DF8A906E05}.AppStore|Any CPU.ActiveCfg = Debug|Any CPU
		{620216B1-CF0B-4CEE-B686-94DF8A906E05}.AppStore|Any CPU.Build.0 = Debug|Any CPU
		{620216B1-CF0B-4CEE-B686-94DF8A906E05}.AppStore|Any CPU.Deploy.0 = Debug|Any CPU
		{620216B1-CF0B-4CEE-B686-94DF8A906E05}.AppStore|ARM.ActiveCfg = Debug|Any CPU
		{620216B1-CF0B-4CEE-B686-94DF8A906E05}.AppStore|ARM.Build.0 = Debug|Any CPU
		{620216B1-CF0B-4CEE-B686-94DF8A906E05}.AppStore|ARM.Deploy.0 = Debug|Any CPU
		{620216B1-CF0B-4CEE-B686-94DF8A906E05}.AppStore|iPhone.ActiveCfg = Debug|Any CPU
		{620216B1-CF0B-4CEE-B686-94DF8A906E05}.AppStore|iPhone.Build.0 = Debug|Any CPU
		{620216B1-CF0B-4CEE-B686-94DF8A906E05}.AppStore|iPhone.Deploy.0 = Debug|Any CPU
		{620216B1-CF0B-4CEE-B686-94DF8A906E05}.AppStore|iPhoneSimulator.ActiveCfg = Debug|Any CPU
		{620216B1-CF0B-4CEE-B686-94DF8A906E05}.AppStore|iPhoneSimulator.Build.0 = Debug|Any CPU
		{620216B1-CF0B-4CEE-B686-94DF8A906E05}.AppStore|iPhoneSimulator.Deploy.0 = Debug|Any CPU
		{620216B1-CF0B-4CEE-B686-94DF8A906E05}.AppStore|x64.ActiveCfg = Debug|Any CPU
		{620216B1-CF0B-4CEE-B686-94DF8A906E05}.AppStore|x64.Build.0 = Debug|Any CPU
		{620216B1-CF0B-4CEE-B686-94DF8A906E05}.AppStore|x64.Deploy.0 = Debug|Any CPU
		{620216B1-CF0B-4CEE-B686-94DF8A906E05}.AppStore|x86.ActiveCfg = Debug|Any CPU
		{620216B1-CF0B-4CEE-B686-94DF8A906E05}.AppStore|x86.Build.0 = Debug|Any CPU
		{620216B1-CF0B-4CEE-B686-94DF8A906E05}.AppStore|x86.Deploy.0 = Debug|Any CPU
		{620216B1-CF0B-4CEE-B686-94DF8A906E05}.Debug|Any CPU.ActiveCfg = Debug|Any CPU
		{620216B1-CF0B-4CEE-B686-94DF8A906E05}.Debug|Any CPU.Build.0 = Debug|Any CPU
		{620216B1-CF0B-4CEE-B686-94DF8A906E05}.Debug|Any CPU.Deploy.0 = Debug|Any CPU
		{620216B1-CF0B-4CEE-B686-94DF8A906E05}.Debug|ARM.ActiveCfg = Debug|Any CPU
		{620216B1-CF0B-4CEE-B686-94DF8A906E05}.Debug|ARM.Build.0 = Debug|Any CPU
		{620216B1-CF0B-4CEE-B686-94DF8A906E05}.Debug|ARM.Deploy.0 = Debug|Any CPU
		{620216B1-CF0B-4CEE-B686-94DF8A906E05}.Debug|iPhone.ActiveCfg = Debug|Any CPU
		{620216B1-CF0B-4CEE-B686-94DF8A906E05}.Debug|iPhone.Build.0 = Debug|Any CPU
		{620216B1-CF0B-4CEE-B686-94DF8A906E05}.Debug|iPhone.Deploy.0 = Debug|Any CPU
		{620216B1-CF0B-4CEE-B686-94DF8A906E05}.Debug|iPhoneSimulator.ActiveCfg = Debug|Any CPU
		{620216B1-CF0B-4CEE-B686-94DF8A906E05}.Debug|iPhoneSimulator.Build.0 = Debug|Any CPU
		{620216B1-CF0B-4CEE-B686-94DF8A906E05}.Debug|iPhoneSimulator.Deploy.0 = Debug|Any CPU
		{620216B1-CF0B-4CEE-B686-94DF8A906E05}.Debug|x64.ActiveCfg = Debug|Any CPU
		{620216B1-CF0B-4CEE-B686-94DF8A906E05}.Debug|x64.Build.0 = Debug|Any CPU
		{620216B1-CF0B-4CEE-B686-94DF8A906E05}.Debug|x64.Deploy.0 = Debug|Any CPU
		{620216B1-CF0B-4CEE-B686-94DF8A906E05}.Debug|x86.ActiveCfg = Debug|Any CPU
		{620216B1-CF0B-4CEE-B686-94DF8A906E05}.Debug|x86.Build.0 = Debug|Any CPU
		{620216B1-CF0B-4CEE-B686-94DF8A906E05}.Debug|x86.Deploy.0 = Debug|Any CPU
		{620216B1-CF0B-4CEE-B686-94DF8A906E05}.Release|Any CPU.ActiveCfg = Release|Any CPU
		{620216B1-CF0B-4CEE-B686-94DF8A906E05}.Release|Any CPU.Build.0 = Release|Any CPU
		{620216B1-CF0B-4CEE-B686-94DF8A906E05}.Release|Any CPU.Deploy.0 = Release|Any CPU
		{620216B1-CF0B-4CEE-B686-94DF8A906E05}.Release|ARM.ActiveCfg = Release|Any CPU
		{620216B1-CF0B-4CEE-B686-94DF8A906E05}.Release|ARM.Build.0 = Release|Any CPU
		{620216B1-CF0B-4CEE-B686-94DF8A906E05}.Release|ARM.Deploy.0 = Release|Any CPU
		{620216B1-CF0B-4CEE-B686-94DF8A906E05}.Release|iPhone.ActiveCfg = Release|Any CPU
		{620216B1-CF0B-4CEE-B686-94DF8A906E05}.Release|iPhone.Build.0 = Release|Any CPU
		{620216B1-CF0B-4CEE-B686-94DF8A906E05}.Release|iPhone.Deploy.0 = Release|Any CPU
		{620216B1-CF0B-4CEE-B686-94DF8A906E05}.Release|iPhoneSimulator.ActiveCfg = Release|Any CPU
		{620216B1-CF0B-4CEE-B686-94DF8A906E05}.Release|iPhoneSimulator.Build.0 = Release|Any CPU
		{620216B1-CF0B-4CEE-B686-94DF8A906E05}.Release|iPhoneSimulator.Deploy.0 = Release|Any CPU
		{620216B1-CF0B-4CEE-B686-94DF8A906E05}.Release|x64.ActiveCfg = Release|Any CPU
		{620216B1-CF0B-4CEE-B686-94DF8A906E05}.Release|x64.Build.0 = Release|Any CPU
		{620216B1-CF0B-4CEE-B686-94DF8A906E05}.Release|x64.Deploy.0 = Release|Any CPU
		{620216B1-CF0B-4CEE-B686-94DF8A906E05}.Release|x86.ActiveCfg = Release|Any CPU
		{620216B1-CF0B-4CEE-B686-94DF8A906E05}.Release|x86.Build.0 = Release|Any CPU
		{620216B1-CF0B-4CEE-B686-94DF8A906E05}.Release|x86.Deploy.0 = Release|Any CPU
	EndGlobalSection
	GlobalSection(SolutionProperties) = preSolution
		HideSolutionNode = FALSE
	EndGlobalSection
	GlobalSection(ExtensibilityGlobals) = postSolution
		SolutionGuid = {85B718FD-ECF7-45A8-9CC4-6DF92A75508A}
	EndGlobalSection
EndGlobal
